// !$*UTF8*$!
{
	archiveVersion = 1;
	classes = {
	};
	objectVersion = 55;
	objects = {

/* Begin PBXBuildFile section */
		2FDF82FB2892CC10001B8415 /* AppDelegate.swift in Sources */ = {isa = PBXBuildFile; fileRef = 2FDF82FA2892CC10001B8415 /* AppDelegate.swift */; };
		2FDF82FD2892CC10001B8415 /* SceneDelegate.swift in Sources */ = {isa = PBXBuildFile; fileRef = 2FDF82FC2892CC10001B8415 /* SceneDelegate.swift */; };
		2FDF82FF2892CC10001B8415 /* ViewController.swift in Sources */ = {isa = PBXBuildFile; fileRef = 2FDF82FE2892CC10001B8415 /* ViewController.swift */; };
		2FDF83022892CC10001B8415 /* Main.storyboard in Resources */ = {isa = PBXBuildFile; fileRef = 2FDF83002892CC10001B8415 /* Main.storyboard */; };
		2FDF83042892CC12001B8415 /* Assets.xcassets in Resources */ = {isa = PBXBuildFile; fileRef = 2FDF83032892CC12001B8415 /* Assets.xcassets */; };
		2FDF83072892CC12001B8415 /* LaunchScreen.storyboard in Resources */ = {isa = PBXBuildFile; fileRef = 2FDF83052892CC12001B8415 /* LaunchScreen.storyboard */; };
		2FDF83122892CC13001B8415 /* ClearScoreTests.swift in Sources */ = {isa = PBXBuildFile; fileRef = 2FDF83112892CC13001B8415 /* ClearScoreTests.swift */; };
		2FDF831C2892CC13001B8415 /* ClearScoreUITests.swift in Sources */ = {isa = PBXBuildFile; fileRef = 2FDF831B2892CC13001B8415 /* ClearScoreUITests.swift */; };
		2FDF831E2892CC13001B8415 /* ClearScoreUITestsLaunchTests.swift in Sources */ = {isa = PBXBuildFile; fileRef = 2FDF831D2892CC13001B8415 /* ClearScoreUITestsLaunchTests.swift */; };
/* End PBXBuildFile section */

/* Begin PBXContainerItemProxy section */
		2FDF830E2892CC13001B8415 /* PBXContainerItemProxy */ = {
			isa = PBXContainerItemProxy;
			containerPortal = 2FDF82EF2892CC0F001B8415 /* Project object */;
			proxyType = 1;
			remoteGlobalIDString = 2FDF82F62892CC10001B8415;
			remoteInfo = ClearScore;
		};
		2FDF83182892CC13001B8415 /* PBXContainerItemProxy */ = {
			isa = PBXContainerItemProxy;
			containerPortal = 2FDF82EF2892CC0F001B8415 /* Project object */;
			proxyType = 1;
			remoteGlobalIDString = 2FDF82F62892CC10001B8415;
			remoteInfo = ClearScore;
		};
/* End PBXContainerItemProxy section */

/* Begin PBXFileReference section */
		2FDF82F72892CC10001B8415 /* ClearScore.app */ = {isa = PBXFileReference; explicitFileType = wrapper.application; includeInIndex = 0; path = ClearScore.app; sourceTree = BUILT_PRODUCTS_DIR; };
		2FDF82FA2892CC10001B8415 /* AppDelegate.swift */ = {isa = PBXFileReference; lastKnownFileType = sourcecode.swift; path = AppDelegate.swift; sourceTree = "<group>"; };
		2FDF82FC2892CC10001B8415 /* SceneDelegate.swift */ = {isa = PBXFileReference; lastKnownFileType = sourcecode.swift; path = SceneDelegate.swift; sourceTree = "<group>"; };
		2FDF82FE2892CC10001B8415 /* ViewController.swift */ = {isa = PBXFileReference; lastKnownFileType = sourcecode.swift; path = ViewController.swift; sourceTree = "<group>"; };
		2FDF83012892CC10001B8415 /* Base */ = {isa = PBXFileReference; lastKnownFileType = file.storyboard; name = Base; path = Base.lproj/Main.storyboard; sourceTree = "<group>"; };
		2FDF83032892CC12001B8415 /* Assets.xcassets */ = {isa = PBXFileReference; lastKnownFileType = folder.assetcatalog; path = Assets.xcassets; sourceTree = "<group>"; };
		2FDF83062892CC12001B8415 /* Base */ = {isa = PBXFileReference; lastKnownFileType = file.storyboard; name = Base; path = Base.lproj/LaunchScreen.storyboard; sourceTree = "<group>"; };
		2FDF83082892CC12001B8415 /* Info.plist */ = {isa = PBXFileReference; lastKnownFileType = text.plist.xml; path = Info.plist; sourceTree = "<group>"; };
		2FDF830D2892CC13001B8415 /* ClearScoreTests.xctest */ = {isa = PBXFileReference; explicitFileType = wrapper.cfbundle; includeInIndex = 0; path = ClearScoreTests.xctest; sourceTree = BUILT_PRODUCTS_DIR; };
		2FDF83112892CC13001B8415 /* ClearScoreTests.swift */ = {isa = PBXFileReference; lastKnownFileType = sourcecode.swift; path = ClearScoreTests.swift; sourceTree = "<group>"; };
		2FDF83172892CC13001B8415 /* ClearScoreUITests.xctest */ = {isa = PBXFileReference; explicitFileType = wrapper.cfbundle; includeInIndex = 0; path = ClearScoreUITests.xctest; sourceTree = BUILT_PRODUCTS_DIR; };
		2FDF831B2892CC13001B8415 /* ClearScoreUITests.swift */ = {isa = PBXFileReference; lastKnownFileType = sourcecode.swift; path = ClearScoreUITests.swift; sourceTree = "<group>"; };
		2FDF831D2892CC13001B8415 /* ClearScoreUITestsLaunchTests.swift */ = {isa = PBXFileReference; lastKnownFileType = sourcecode.swift; path = ClearScoreUITestsLaunchTests.swift; sourceTree = "<group>"; };
/* End PBXFileReference section */

/* Begin PBXFrameworksBuildPhase section */
		2FDF82F42892CC10001B8415 /* Frameworks */ = {
			isa = PBXFrameworksBuildPhase;
			buildActionMask = 2147483647;
			files = (
			);
			runOnlyForDeploymentPostprocessing = 0;
		};
		2FDF830A2892CC13001B8415 /* Frameworks */ = {
			isa = PBXFrameworksBuildPhase;
			buildActionMask = 2147483647;
			files = (
			);
			runOnlyForDeploymentPostprocessing = 0;
		};
		2FDF83142892CC13001B8415 /* Frameworks */ = {
			isa = PBXFrameworksBuildPhase;
			buildActionMask = 2147483647;
			files = (
			);
			runOnlyForDeploymentPostprocessing = 0;
		};
/* End PBXFrameworksBuildPhase section */

/* Begin PBXGroup section */
		2FDF82EE2892CC0F001B8415 = {
			isa = PBXGroup;
			children = (
				2FDF82F92892CC10001B8415 /* ClearScore */,
				2FDF83102892CC13001B8415 /* ClearScoreTests */,
				2FDF831A2892CC13001B8415 /* ClearScoreUITests */,
				2FDF82F82892CC10001B8415 /* Products */,
			);
			sourceTree = "<group>";
		};
		2FDF82F82892CC10001B8415 /* Products */ = {
			isa = PBXGroup;
			children = (
				2FDF82F72892CC10001B8415 /* ClearScore.app */,
				2FDF830D2892CC13001B8415 /* ClearScoreTests.xctest */,
				2FDF83172892CC13001B8415 /* ClearScoreUITests.xctest */,
			);
			name = Products;
			sourceTree = "<group>";
		};
		2FDF82F92892CC10001B8415 /* ClearScore */ = {
			isa = PBXGroup;
			children = (
				2FDF82FA2892CC10001B8415 /* AppDelegate.swift */,
				2FDF82FC2892CC10001B8415 /* SceneDelegate.swift */,
				2FDF82FE2892CC10001B8415 /* ViewController.swift */,
				2FDF83002892CC10001B8415 /* Main.storyboard */,
				2FDF83032892CC12001B8415 /* Assets.xcassets */,
				2FDF83052892CC12001B8415 /* LaunchScreen.storyboard */,
				2FDF83082892CC12001B8415 /* Info.plist */,
			);
			path = ClearScore;
			sourceTree = "<group>";
		};
		2FDF83102892CC13001B8415 /* ClearScoreTests */ = {
			isa = PBXGroup;
			children = (
				2FDF83112892CC13001B8415 /* ClearScoreTests.swift */,
			);
			path = ClearScoreTests;
			sourceTree = "<group>";
		};
		2FDF831A2892CC13001B8415 /* ClearScoreUITests */ = {
			isa = PBXGroup;
			children = (
				2FDF831B2892CC13001B8415 /* ClearScoreUITests.swift */,
				2FDF831D2892CC13001B8415 /* ClearScoreUITestsLaunchTests.swift */,
			);
			path = ClearScoreUITests;
			sourceTree = "<group>";
		};
/* End PBXGroup section */

/* Begin PBXNativeTarget section */
		2FDF82F62892CC10001B8415 /* ClearScore */ = {
			isa = PBXNativeTarget;
			buildConfigurationList = 2FDF83212892CC13001B8415 /* Build configuration list for PBXNativeTarget "ClearScore" */;
			buildPhases = (
				2FDF82F32892CC10001B8415 /* Sources */,
				2FDF82F42892CC10001B8415 /* Frameworks */,
				2FDF82F52892CC10001B8415 /* Resources */,
			);
			buildRules = (
			);
			dependencies = (
			);
			name = ClearScore;
			productName = ClearScore;
			productReference = 2FDF82F72892CC10001B8415 /* ClearScore.app */;
			productType = "com.apple.product-type.application";
		};
		2FDF830C2892CC13001B8415 /* ClearScoreTests */ = {
			isa = PBXNativeTarget;
			buildConfigurationList = 2FDF83242892CC13001B8415 /* Build configuration list for PBXNativeTarget "ClearScoreTests" */;
			buildPhases = (
				2FDF83092892CC13001B8415 /* Sources */,
				2FDF830A2892CC13001B8415 /* Frameworks */,
				2FDF830B2892CC13001B8415 /* Resources */,
			);
			buildRules = (
			);
			dependencies = (
				2FDF830F2892CC13001B8415 /* PBXTargetDependency */,
			);
			name = ClearScoreTests;
			productName = ClearScoreTests;
			productReference = 2FDF830D2892CC13001B8415 /* ClearScoreTests.xctest */;
			productType = "com.apple.product-type.bundle.unit-test";
		};
		2FDF83162892CC13001B8415 /* ClearScoreUITests */ = {
			isa = PBXNativeTarget;
			buildConfigurationList = 2FDF83272892CC13001B8415 /* Build configuration list for PBXNativeTarget "ClearScoreUITests" */;
			buildPhases = (
				2FDF83132892CC13001B8415 /* Sources */,
				2FDF83142892CC13001B8415 /* Frameworks */,
				2FDF83152892CC13001B8415 /* Resources */,
			);
			buildRules = (
			);
			dependencies = (
				2FDF83192892CC13001B8415 /* PBXTargetDependency */,
			);
			name = ClearScoreUITests;
			productName = ClearScoreUITests;
			productReference = 2FDF83172892CC13001B8415 /* ClearScoreUITests.xctest */;
			productType = "com.apple.product-type.bundle.ui-testing";
		};
/* End PBXNativeTarget section */

/* Begin PBXProject section */
		2FDF82EF2892CC0F001B8415 /* Project object */ = {
			isa = PBXProject;
			attributes = {
				BuildIndependentTargetsInParallel = 1;
				LastSwiftUpdateCheck = 1340;
				LastUpgradeCheck = 1340;
				TargetAttributes = {
					2FDF82F62892CC10001B8415 = {
						CreatedOnToolsVersion = 13.4.1;
					};
					2FDF830C2892CC13001B8415 = {
						CreatedOnToolsVersion = 13.4.1;
						TestTargetID = 2FDF82F62892CC10001B8415;
					};
					2FDF83162892CC13001B8415 = {
						CreatedOnToolsVersion = 13.4.1;
						TestTargetID = 2FDF82F62892CC10001B8415;
					};
				};
			};
			buildConfigurationList = 2FDF82F22892CC0F001B8415 /* Build configuration list for PBXProject "ClearScore" */;
			compatibilityVersion = "Xcode 13.0";
			developmentRegion = en;
			hasScannedForEncodings = 0;
			knownRegions = (
				en,
				Base,
			);
			mainGroup = 2FDF82EE2892CC0F001B8415;
			productRefGroup = 2FDF82F82892CC10001B8415 /* Products */;
			projectDirPath = "";
			projectRoot = "";
			targets = (
				2FDF82F62892CC10001B8415 /* ClearScore */,
				2FDF830C2892CC13001B8415 /* ClearScoreTests */,
				2FDF83162892CC13001B8415 /* ClearScoreUITests */,
			);
		};
/* End PBXProject section */

/* Begin PBXResourcesBuildPhase section */
		2FDF82F52892CC10001B8415 /* Resources */ = {
			isa = PBXResourcesBuildPhase;
			buildActionMask = 2147483647;
			files = (
				2FDF83072892CC12001B8415 /* LaunchScreen.storyboard in Resources */,
				2FDF83042892CC12001B8415 /* Assets.xcassets in Resources */,
				2FDF83022892CC10001B8415 /* Main.storyboard in Resources */,
			);
			runOnlyForDeploymentPostprocessing = 0;
		};
		2FDF830B2892CC13001B8415 /* Resources */ = {
			isa = PBXResourcesBuildPhase;
			buildActionMask = 2147483647;
			files = (
			);
			runOnlyForDeploymentPostprocessing = 0;
		};
		2FDF83152892CC13001B8415 /* Resources */ = {
			isa = PBXResourcesBuildPhase;
			buildActionMask = 2147483647;
			files = (
			);
			runOnlyForDeploymentPostprocessing = 0;
		};
/* End PBXResourcesBuildPhase section */

/* Begin PBXSourcesBuildPhase section */
		2FDF82F32892CC10001B8415 /* Sources */ = {
			isa = PBXSourcesBuildPhase;
			buildActionMask = 2147483647;
			files = (
				2FDF82FF2892CC10001B8415 /* ViewController.swift in Sources */,
				2FDF82FB2892CC10001B8415 /* AppDelegate.swift in Sources */,
				2FDF82FD2892CC10001B8415 /* SceneDelegate.swift in Sources */,
			);
			runOnlyForDeploymentPostprocessing = 0;
		};
		2FDF83092892CC13001B8415 /* Sources */ = {
			isa = PBXSourcesBuildPhase;
			buildActionMask = 2147483647;
			files = (
				2FDF83122892CC13001B8415 /* ClearScoreTests.swift in Sources */,
			);
			runOnlyForDeploymentPostprocessing = 0;
		};
		2FDF83132892CC13001B8415 /* Sources */ = {
			isa = PBXSourcesBuildPhase;
			buildActionMask = 2147483647;
			files = (
				2FDF831C2892CC13001B8415 /* ClearScoreUITests.swift in Sources */,
				2FDF831E2892CC13001B8415 /* ClearScoreUITestsLaunchTests.swift in Sources */,
			);
			runOnlyForDeploymentPostprocessing = 0;
		};
/* End PBXSourcesBuildPhase section */

/* Begin PBXTargetDependency section */
		2FDF830F2892CC13001B8415 /* PBXTargetDependency */ = {
			isa = PBXTargetDependency;
			target = 2FDF82F62892CC10001B8415 /* ClearScore */;
			targetProxy = 2FDF830E2892CC13001B8415 /* PBXContainerItemProxy */;
		};
		2FDF83192892CC13001B8415 /* PBXTargetDependency */ = {
			isa = PBXTargetDependency;
			target = 2FDF82F62892CC10001B8415 /* ClearScore */;
			targetProxy = 2FDF83182892CC13001B8415 /* PBXContainerItemProxy */;
		};
/* End PBXTargetDependency section */

/* Begin PBXVariantGroup section */
		2FDF83002892CC10001B8415 /* Main.storyboard */ = {
			isa = PBXVariantGroup;
			children = (
				2FDF83012892CC10001B8415 /* Base */,
			);
			name = Main.storyboard;
			sourceTree = "<group>";
		};
		2FDF83052892CC12001B8415 /* LaunchScreen.storyboard */ = {
			isa = PBXVariantGroup;
			children = (
				2FDF83062892CC12001B8415 /* Base */,
			);
			name = LaunchScreen.storyboard;
			sourceTree = "<group>";
		};
/* End PBXVariantGroup section */

/* Begin XCBuildConfiguration section */
		2FDF831F2892CC13001B8415 /* Debug */ = {
			isa = XCBuildConfiguration;
			buildSettings = {
				ALWAYS_SEARCH_USER_PATHS = NO;
				CLANG_ANALYZER_NONNULL = YES;
				CLANG_ANALYZER_NUMBER_OBJECT_CONVERSION = YES_AGGRESSIVE;
				CLANG_CXX_LANGUAGE_STANDARD = "gnu++17";
				CLANG_ENABLE_MODULES = YES;
				CLANG_ENABLE_OBJC_ARC = YES;
				CLANG_ENABLE_OBJC_WEAK = YES;
				CLANG_WARN_BLOCK_CAPTURE_AUTORELEASING = YES;
				CLANG_WARN_BOOL_CONVERSION = YES;
				CLANG_WARN_COMMA = YES;
				CLANG_WARN_CONSTANT_CONVERSION = YES;
				CLANG_WARN_DEPRECATED_OBJC_IMPLEMENTATIONS = YES;
				CLANG_WARN_DIRECT_OBJC_ISA_USAGE = YES_ERROR;
				CLANG_WARN_DOCUMENTATION_COMMENTS = YES;
				CLANG_WARN_EMPTY_BODY = YES;
				CLANG_WARN_ENUM_CONVERSION = YES;
				CLANG_WARN_INFINITE_RECURSION = YES;
				CLANG_WARN_INT_CONVERSION = YES;
				CLANG_WARN_NON_LITERAL_NULL_CONVERSION = YES;
				CLANG_WARN_OBJC_IMPLICIT_RETAIN_SELF = YES;
				CLANG_WARN_OBJC_LITERAL_CONVERSION = YES;
				CLANG_WARN_OBJC_ROOT_CLASS = YES_ERROR;
				CLANG_WARN_QUOTED_INCLUDE_IN_FRAMEWORK_HEADER = YES;
				CLANG_WARN_RANGE_LOOP_ANALYSIS = YES;
				CLANG_WARN_STRICT_PROTOTYPES = YES;
				CLANG_WARN_SUSPICIOUS_MOVE = YES;
				CLANG_WARN_UNGUARDED_AVAILABILITY = YES_AGGRESSIVE;
				CLANG_WARN_UNREACHABLE_CODE = YES;
				CLANG_WARN__DUPLICATE_METHOD_MATCH = YES;
				COPY_PHASE_STRIP = NO;
				DEBUG_INFORMATION_FORMAT = dwarf;
				ENABLE_STRICT_OBJC_MSGSEND = YES;
				ENABLE_TESTABILITY = YES;
				GCC_C_LANGUAGE_STANDARD = gnu11;
				GCC_DYNAMIC_NO_PIC = NO;
				GCC_NO_COMMON_BLOCKS = YES;
				GCC_OPTIMIZATION_LEVEL = 0;
				GCC_PREPROCESSOR_DEFINITIONS = (
					"DEBUG=1",
					"$(inherited)",
				);
				GCC_WARN_64_TO_32_BIT_CONVERSION = YES;
				GCC_WARN_ABOUT_RETURN_TYPE = YES_ERROR;
				GCC_WARN_UNDECLARED_SELECTOR = YES;
				GCC_WARN_UNINITIALIZED_AUTOS = YES_AGGRESSIVE;
				GCC_WARN_UNUSED_FUNCTION = YES;
				GCC_WARN_UNUSED_VARIABLE = YES;
				IPHONEOS_DEPLOYMENT_TARGET = 15.5;
				MTL_ENABLE_DEBUG_INFO = INCLUDE_SOURCE;
				MTL_FAST_MATH = YES;
				ONLY_ACTIVE_ARCH = YES;
				SDKROOT = iphoneos;
				SWIFT_ACTIVE_COMPILATION_CONDITIONS = DEBUG;
				SWIFT_OPTIMIZATION_LEVEL = "-Onone";
			};
			name = Debug;
		};
		2FDF83202892CC13001B8415 /* Release */ = {
			isa = XCBuildConfiguration;
			buildSettings = {
				ALWAYS_SEARCH_USER_PATHS = NO;
				CLANG_ANALYZER_NONNULL = YES;
				CLANG_ANALYZER_NUMBER_OBJECT_CONVERSION = YES_AGGRESSIVE;
				CLANG_CXX_LANGUAGE_STANDARD = "gnu++17";
				CLANG_ENABLE_MODULES = YES;
				CLANG_ENABLE_OBJC_ARC = YES;
				CLANG_ENABLE_OBJC_WEAK = YES;
				CLANG_WARN_BLOCK_CAPTURE_AUTORELEASING = YES;
				CLANG_WARN_BOOL_CONVERSION = YES;
				CLANG_WARN_COMMA = YES;
				CLANG_WARN_CONSTANT_CONVERSION = YES;
				CLANG_WARN_DEPRECATED_OBJC_IMPLEMENTATIONS = YES;
				CLANG_WARN_DIRECT_OBJC_ISA_USAGE = YES_ERROR;
				CLANG_WARN_DOCUMENTATION_COMMENTS = YES;
				CLANG_WARN_EMPTY_BODY = YES;
				CLANG_WARN_ENUM_CONVERSION = YES;
				CLANG_WARN_INFINITE_RECURSION = YES;
				CLANG_WARN_INT_CONVERSION = YES;
				CLANG_WARN_NON_LITERAL_NULL_CONVERSION = YES;
				CLANG_WARN_OBJC_IMPLICIT_RETAIN_SELF = YES;
				CLANG_WARN_OBJC_LITERAL_CONVERSION = YES;
				CLANG_WARN_OBJC_ROOT_CLASS = YES_ERROR;
				CLANG_WARN_QUOTED_INCLUDE_IN_FRAMEWORK_HEADER = YES;
				CLANG_WARN_RANGE_LOOP_ANALYSIS = YES;
				CLANG_WARN_STRICT_PROTOTYPES = YES;
				CLANG_WARN_SUSPICIOUS_MOVE = YES;
				CLANG_WARN_UNGUARDED_AVAILABILITY = YES_AGGRESSIVE;
				CLANG_WARN_UNREACHABLE_CODE = YES;
				CLANG_WARN__DUPLICATE_METHOD_MATCH = YES;
				COPY_PHASE_STRIP = NO;
				DEBUG_INFORMATION_FORMAT = "dwarf-with-dsym";
				ENABLE_NS_ASSERTIONS = NO;
				ENABLE_STRICT_OBJC_MSGSEND = YES;
				GCC_C_LANGUAGE_STANDARD = gnu11;
				GCC_NO_COMMON_BLOCKS = YES;
				GCC_WARN_64_TO_32_BIT_CONVERSION = YES;
				GCC_WARN_ABOUT_RETURN_TYPE = YES_ERROR;
				GCC_WARN_UNDECLARED_SELECTOR = YES;
				GCC_WARN_UNINITIALIZED_AUTOS = YES_AGGRESSIVE;
				GCC_WARN_UNUSED_FUNCTION = YES;
				GCC_WARN_UNUSED_VARIABLE = YES;
				IPHONEOS_DEPLOYMENT_TARGET = 15.5;
				MTL_ENABLE_DEBUG_INFO = NO;
				MTL_FAST_MATH = YES;
				SDKROOT = iphoneos;
				SWIFT_COMPILATION_MODE = wholemodule;
				SWIFT_OPTIMIZATION_LEVEL = "-O";
				VALIDATE_PRODUCT = YES;
			};
			name = Release;
		};
		2FDF83222892CC13001B8415 /* Debug */ = {
			isa = XCBuildConfiguration;
			buildSettings = {
				ASSETCATALOG_COMPILER_APPICON_NAME = AppIcon;
				ASSETCATALOG_COMPILER_GLOBAL_ACCENT_COLOR_NAME = AccentColor;
				CODE_SIGN_STYLE = Automatic;
				CURRENT_PROJECT_VERSION = 1;
				DEVELOPMENT_TEAM = 99B9J9M875;
				GENERATE_INFOPLIST_FILE = YES;
				INFOPLIST_FILE = ClearScore/Info.plist;
				INFOPLIST_KEY_UIApplicationSupportsIndirectInputEvents = YES;
				INFOPLIST_KEY_UILaunchStoryboardName = LaunchScreen;
				INFOPLIST_KEY_UIMainStoryboardFile = Main;
				INFOPLIST_KEY_UISupportedInterfaceOrientations_iPad = "UIInterfaceOrientationPortrait UIInterfaceOrientationPortraitUpsideDown UIInterfaceOrientationLandscapeLeft UIInterfaceOrientationLandscapeRight";
				INFOPLIST_KEY_UISupportedInterfaceOrientations_iPhone = "UIInterfaceOrientationPortrait UIInterfaceOrientationLandscapeLeft UIInterfaceOrientationLandscapeRight";
				LD_RUNPATH_SEARCH_PATHS = (
					"$(inherited)",
					"@executable_path/Frameworks",
				);
				MARKETING_VERSION = 1.0;
				PRODUCT_BUNDLE_IDENTIFIER = ikhokha.ClearScore;
				PRODUCT_NAME = "$(TARGET_NAME)";
				SWIFT_EMIT_LOC_STRINGS = YES;
				SWIFT_VERSION = 5.0;
				TARGETED_DEVICE_FAMILY = "1,2";
			};
			name = Debug;
		};
		2FDF83232892CC13001B8415 /* Release */ = {
			isa = XCBuildConfiguration;
			buildSettings = {
				ASSETCATALOG_COMPILER_APPICON_NAME = AppIcon;
				ASSETCATALOG_COMPILER_GLOBAL_ACCENT_COLOR_NAME = AccentColor;
				CODE_SIGN_STYLE = Automatic;
				CURRENT_PROJECT_VERSION = 1;
				DEVELOPMENT_TEAM = 99B9J9M875;
				GENERATE_INFOPLIST_FILE = YES;
				INFOPLIST_FILE = ClearScore/Info.plist;
				INFOPLIST_KEY_UIApplicationSupportsIndirectInputEvents = YES;
				INFOPLIST_KEY_UILaunchStoryboardName = LaunchScreen;
				INFOPLIST_KEY_UIMainStoryboardFile = Main;
				INFOPLIST_KEY_UISupportedInterfaceOrientations_iPad = "UIInterfaceOrientationPortrait UIInterfaceOrientationPortraitUpsideDown UIInterfaceOrientationLandscapeLeft UIInterfaceOrientationLandscapeRight";
				INFOPLIST_KEY_UISupportedInterfaceOrientations_iPhone = "UIInterfaceOrientationPortrait UIInterfaceOrientationLandscapeLeft UIInterfaceOrientationLandscapeRight";
				LD_RUNPATH_SEARCH_PATHS = (
					"$(inherited)",
					"@executable_path/Frameworks",
				);
				MARKETING_VERSION = 1.0;
				PRODUCT_BUNDLE_IDENTIFIER = ikhokha.ClearScore;
				PRODUCT_NAME = "$(TARGET_NAME)";
				SWIFT_EMIT_LOC_STRINGS = YES;
				SWIFT_VERSION = 5.0;
				TARGETED_DEVICE_FAMILY = "1,2";
			};
			name = Release;
		};
		2FDF83252892CC13001B8415 /* Debug */ = {
			isa = XCBuildConfiguration;
			buildSettings = {
				ALWAYS_EMBED_SWIFT_STANDARD_LIBRARIES = YES;
				BUNDLE_LOADER = "$(TEST_HOST)";
				CODE_SIGN_STYLE = Automatic;
				CURRENT_PROJECT_VERSION = 1;
				DEVELOPMENT_TEAM = 99B9J9M875;
				GENERATE_INFOPLIST_FILE = YES;
				IPHONEOS_DEPLOYMENT_TARGET = 15.5;
				MARKETING_VERSION = 1.0;
				PRODUCT_BUNDLE_IDENTIFIER = ikhokha.ClearScoreTests;
				PRODUCT_NAME = "$(TARGET_NAME)";
				SWIFT_EMIT_LOC_STRINGS = NO;
				SWIFT_VERSION = 5.0;
				TARGETED_DEVICE_FAMILY = "1,2";
				TEST_HOST = "$(BUILT_PRODUCTS_DIR)/ClearScore.app/ClearScore";
			};
			name = Debug;
		};
		2FDF83262892CC13001B8415 /* Release */ = {
			isa = XCBuildConfiguration;
			buildSettings = {
				ALWAYS_EMBED_SWIFT_STANDARD_LIBRARIES = YES;
				BUNDLE_LOADER = "$(TEST_HOST)";
				CODE_SIGN_STYLE = Automatic;
				CURRENT_PROJECT_VERSION = 1;
				DEVELOPMENT_TEAM = 99B9J9M875;
				GENERATE_INFOPLIST_FILE = YES;
				IPHONEOS_DEPLOYMENT_TARGET = 15.5;
				MARKETING_VERSION = 1.0;
				PRODUCT_BUNDLE_IDENTIFIER = ikhokha.ClearScoreTests;
				PRODUCT_NAME = "$(TARGET_NAME)";
				SWIFT_EMIT_LOC_STRINGS = NO;
				SWIFT_VERSION = 5.0;
				TARGETED_DEVICE_FAMILY = "1,2";
				TEST_HOST = "$(BUILT_PRODUCTS_DIR)/ClearScore.app/ClearScore";
			};
			name = Release;
		};
		2FDF83282892CC13001B8415 /* Debug */ = {
			isa = XCBuildConfiguration;
			buildSettings = {
				ALWAYS_EMBED_SWIFT_STANDARD_LIBRARIES = YES;
				CODE_SIGN_STYLE = Automatic;
				CURRENT_PROJECT_VERSION = 1;
				DEVELOPMENT_TEAM = 99B9J9M875;
				GENERATE_INFOPLIST_FILE = YES;
				MARKETING_VERSION = 1.0;
				PRODUCT_BUNDLE_IDENTIFIER = ikhokha.ClearScoreUITests;
				PRODUCT_NAME = "$(TARGET_NAME)";
				SWIFT_EMIT_LOC_STRINGS = NO;
				SWIFT_VERSION = 5.0;
				TARGETED_DEVICE_FAMILY = "1,2";
				TEST_TARGET_NAME = ClearScore;
			};
			name = Debug;
		};
		2FDF83292892CC13001B8415 /* Release */ = {
			isa = XCBuildConfiguration;
			buildSettings = {
				ALWAYS_EMBED_SWIFT_STANDARD_LIBRARIES = YES;
				CODE_SIGN_STYLE = Automatic;
				CURRENT_PROJECT_VERSION = 1;
				DEVELOPMENT_TEAM = 99B9J9M875;
				GENERATE_INFOPLIST_FILE = YES;
				MARKETING_VERSION = 1.0;
				PRODUCT_BUNDLE_IDENTIFIER = ikhokha.ClearScoreUITests;
				PRODUCT_NAME = "$(TARGET_NAME)";
				SWIFT_EMIT_LOC_STRINGS = NO;
				SWIFT_VERSION = 5.0;
				TARGETED_DEVICE_FAMILY = "1,2";
				TEST_TARGET_NAME = ClearScore;
			};
			name = Release;
		};
/* End XCBuildConfiguration section */

/* Begin XCConfigurationList section */
		2FDF82F22892CC0F001B8415 /* Build configuration list for PBXProject "ClearScore" */ = {
			isa = XCConfigurationList;
			buildConfigurations = (
				2FDF831F2892CC13001B8415 /* Debug */,
				2FDF83202892CC13001B8415 /* Release */,
			);
			defaultConfigurationIsVisible = 0;
			defaultConfigurationName = Release;
		};
		2FDF83212892CC13001B8415 /* Build configuration list for PBXNativeTarget "ClearScore" */ = {
			isa = XCConfigurationList;
			buildConfigurations = (
				2FDF83222892CC13001B8415 /* Debug */,
				2FDF83232892CC13001B8415 /* Release */,
			);
			defaultConfigurationIsVisible = 0;
			defaultConfigurationName = Release;
		};
		2FDF83242892CC13001B8415 /* Build configuration list for PBXNativeTarget "ClearScoreTests" */ = {
			isa = XCConfigurationList;
			buildConfigurations = (
				2FDF83252892CC13001B8415 /* Debug */,
				2FDF83262892CC13001B8415 /* Release */,
			);
			defaultConfigurationIsVisible = 0;
			defaultConfigurationName = Release;
		};
		2FDF83272892CC13001B8415 /* Build configuration list for PBXNativeTarget "ClearScoreUITests" */ = {
			isa = XCConfigurationList;
			buildConfigurations = (
				2FDF83282892CC13001B8415 /* Debug */,
				2FDF83292892CC13001B8415 /* Release */,
			);
			defaultConfigurationIsVisible = 0;
			defaultConfigurationName = Release;
		};
/* End XCConfigurationList section */
	};
	rootObject = 2FDF82EF2892CC0F001B8415 /* Project object */;
}
